[[package]]
name = "de_rust"
version = "0.1.0"
dependencies = [
 "gnuplot 0.0.24 (registry+https://github.com/rust-lang/crates.io-index)",
]

[[package]]
name = "gnuplot"
version = "0.0.24"
source = "registry+https://github.com/rust-lang/crates.io-index"

[metadata]
"checksum gnuplot 0.0.24 (registry+https://github.com/rust-lang/crates.io-index)" = "2cfbdbe219400e026809cf89a0d94af5f8e1736427e0a358272c47cd20f1e718"
